
Microsoft Visual Studio Solution File, Format Version 12.00
# Visual Studio Version 17
VisualStudioVersion = 17.2.32526.322
MinimumVisualStudioVersion = 10.0.40219.1
Project("{FAE04EC0-301F-11D3-BF4B-00C04F79EFBC}") = "WebScrapeWeather", "WebScrapeWeather\WebScrapeWeather.csproj", "{21EB8407-B2AC-40F0-BBBA-5E671A836A22}"
EndProject
Global
	GlobalSection(SolutionConfigurationPlatforms) = preSolution
		Debug|Any CPU = Debug|Any CPU
		Release|Any CPU = Release|Any CPU
	EndGlobalSection
	GlobalSection(ProjectConfigurationPlatforms) = postSolution
		{21EB8407-B2AC-40F0-BBBA-5E671A836A22}.Debug|Any CPU.ActiveCfg = Debug|Any CPU
		{21EB8407-B2AC-40F0-BBBA-5E671A836A22}.Debug|Any CPU.Build.0 = Debug|Any CPU
		{21EB8407-B2AC-40F0-BBBA-5E671A836A22}.Release|Any CPU.ActiveCfg = Release|Any CPU
		{21EB8407-B2AC-40F0-BBBA-5E671A836A22}.Release|Any CPU.Build.0 = Release|Any CPU
	EndGlobalSection
	GlobalSection(SolutionProperties) = preSolution
		HideSolutionNode = FALSE
	EndGlobalSection
	GlobalSection(ExtensibilityGlobals) = postSolution
		SolutionGuid = {0399D9DF-AC61-4210-969E-0381D73710BB}
	EndGlobalSection
EndGlobal
